<?xml version="1.0" encoding="utf-8"?>
<Project ToolsVersion="4.0" xmlns="http://schemas.microsoft.com/developer/msbuild/2003">
  <ItemGroup>
    <Filter Include="源文件">
      <UniqueIdentifier>{4FC737F1-C7A5-4376-A066-2A32D752A2FF}</UniqueIdentifier>
      <Extensions>cpp;c;cc;cxx;def;odl;idl;hpj;bat;asm;asmx</Extensions>
    </Filter>
    <Filter Include="头文件">
      <UniqueIdentifier>{93995380-89BD-4b04-88EB-625FBE52EBFB}</UniqueIdentifier>
      <Extensions>h;hpp;hxx;hm;inl;inc;xsd</Extensions>
    </Filter>
    <Filter Include="资源文件">
      <UniqueIdentifier>{67DA6AB6-F800-4c08-8B7A-83BB121AAD01}</UniqueIdentifier>
      <Extensions>rc;ico;cur;bmp;dlg;rc2;rct;bin;rgs;gif;jpg;jpeg;jpe;resx;tiff;tif;png;wav;mfcribbon-ms</Extensions>
    </Filter>
    <Filter Include="VisionInc">
      <UniqueIdentifier>{7adaf512-9498-45d7-a2e6-1b1702984734}</UniqueIdentifier>
    </Filter>
    <Filter Include="SkinInc">
      <UniqueIdentifier>{5bbae9c9-fb68-48be-ba37-4ed7a3ed045c}</UniqueIdentifier>
    </Filter>
    <Filter Include="CommInc">
      <UniqueIdentifier>{0d3f3bbf-0f6f-4293-8efc-b980951694ab}</UniqueIdentifier>
    </Filter>
    <Filter Include="DataStructInc">
      <UniqueIdentifier>{fe410b08-2ec4-4600-b19f-99d2b328fae3}</UniqueIdentifier>
    </Filter>
  </ItemGroup>
  <ItemGroup>
    <None Include="ReadMe.txt" />
    <None Include="res\VisionSystem.rc2">
      <Filter>资源文件</Filter>
    </None>
    <None Include="res\VisionSystem.ico">
      <Filter>资源文件</Filter>
    </None>
  </ItemGroup>
  <ItemGroup>
    <ClInclude Include="VisionSystem.h">
      <Filter>头文件</Filter>
    </ClInclude>
    <ClInclude Include="VisionSystemDlg.h">
      <Filter>头文件</Filter>
    </ClInclude>
    <ClInclude Include="stdafx.h">
      <Filter>头文件</Filter>
    </ClInclude>
    <ClInclude Include="targetver.h">
      <Filter>头文件</Filter>
    </ClInclude>
    <ClInclude Include="Resource.h">
      <Filter>头文件</Filter>
    </ClInclude>
    <ClInclude Include="..\Inc\VisionInc\VisionCommBase.h">
      <Filter>VisionInc</Filter>
    </ClInclude>
    <ClInclude Include="..\Inc\VisionInc\VisionCommModule.h">
      <Filter>VisionInc</Filter>
    </ClInclude>
    <ClInclude Include="..\Inc\SkinInc\ANSIAPI.H">
      <Filter>SkinInc</Filter>
    </ClInclude>
    <ClInclude Include="..\Inc\SkinInc\BCMenu.h">
      <Filter>SkinInc</Filter>
    </ClInclude>
    <ClInclude Include="..\Inc\SkinInc\BtnST.h">
      <Filter>SkinInc</Filter>
    </ClInclude>
    <ClInclude Include="..\Inc\SkinInc\CeXDib.h">
      <Filter>SkinInc</Filter>
    </ClInclude>
    <ClInclude Include="..\Inc\SkinInc\ControlChange.h">
      <Filter>SkinInc</Filter>
    </ClInclude>
    <ClInclude Include="..\Inc\SkinInc\Curvefit.h">
      <Filter>SkinInc</Filter>
    </ClInclude>
    <ClInclude Include="..\Inc\SkinInc\Digistring.h">
      <Filter>SkinInc</Filter>
    </ClInclude>
    <ClInclude Include="..\Inc\SkinInc\MemDC.h">
      <Filter>SkinInc</Filter>
    </ClInclude>
    <ClInclude Include="..\Inc\SkinInc\OLESTD.H">
      <Filter>SkinInc</Filter>
    </ClInclude>
    <ClInclude Include="..\Inc\SkinInc\Rgbcolor.h">
      <Filter>SkinInc</Filter>
    </ClInclude>
    <ClInclude Include="..\Inc\SkinInc\ShadeButtonST.h">
      <Filter>SkinInc</Filter>
    </ClInclude>
    <ClInclude Include="..\Inc\SkinInc\ShowPicture.h">
      <Filter>SkinInc</Filter>
    </ClInclude>
    <ClInclude Include="..\Inc\SkinInc\UniButton.h">
      <Filter>SkinInc</Filter>
    </ClInclude>
    <ClInclude Include="RunningDlg.h">
      <Filter>头文件</Filter>
    </ClInclude>
    <ClInclude Include="DefineEnum.h">
      <Filter>头文件</Filter>
    </ClInclude>
    <ClInclude Include="..\Inc\CommInc\vFunc.h">
      <Filter>CommInc</Filter>
    </ClInclude>
    <ClInclude Include="..\Inc\CommInc\BaseIni.h">
      <Filter>CommInc</Filter>
    </ClInclude>
    <ClInclude Include="SysParaIni.h">
      <Filter>头文件</Filter>
    </ClInclude>
    <ClInclude Include="CommuncationDlg.h">
      <Filter>头文件</Filter>
    </ClInclude>
    <ClInclude Include="..\Inc\DataStructInc\CCameraData.h">
      <Filter>DataStructInc</Filter>
    </ClInclude>
  </ItemGroup>
  <ItemGroup>
    <ClCompile Include="VisionSystem.cpp">
      <Filter>源文件</Filter>
    </ClCompile>
    <ClCompile Include="VisionSystemDlg.cpp">
      <Filter>源文件</Filter>
    </ClCompile>
    <ClCompile Include="stdafx.cpp">
      <Filter>源文件</Filter>
    </ClCompile>
    <ClCompile Include="..\Inc\SkinInc\BCMenu.cpp">
      <Filter>SkinInc</Filter>
    </ClCompile>
    <ClCompile Include="..\Inc\SkinInc\BtnST.cpp">
      <Filter>SkinInc</Filter>
    </ClCompile>
    <ClCompile Include="..\Inc\SkinInc\CeXDib.cpp">
      <Filter>SkinInc</Filter>
    </ClCompile>
    <ClCompile Include="..\Inc\SkinInc\ControlChange.cpp">
      <Filter>SkinInc</Filter>
    </ClCompile>
    <ClCompile Include="..\Inc\SkinInc\Curvefit.cpp">
      <Filter>SkinInc</Filter>
    </ClCompile>
    <ClCompile Include="..\Inc\SkinInc\Digistring.cpp">
      <Filter>SkinInc</Filter>
    </ClCompile>
    <ClCompile Include="..\Inc\SkinInc\ShadeButtonST.cpp">
      <Filter>SkinInc</Filter>
    </ClCompile>
    <ClCompile Include="..\Inc\SkinInc\ShowPicture.cpp">
      <Filter>SkinInc</Filter>
    </ClCompile>
    <ClCompile Include="..\Inc\SkinInc\UniButton.cpp">
      <Filter>SkinInc</Filter>
    </ClCompile>
    <ClCompile Include="RunningDlg.cpp">
      <Filter>源文件</Filter>
    </ClCompile>
    <ClCompile Include="..\Inc\CommInc\BaseIni.cpp">
      <Filter>CommInc</Filter>
    </ClCompile>
    <ClCompile Include="SysParaIni.cpp">
      <Filter>源文件</Filter>
    </ClCompile>
    <ClCompile Include="CommuncationDlg.cpp">
      <Filter>源文件</Filter>
    </ClCompile>
  </ItemGroup>
  <ItemGroup>
    <ResourceCompile Include="VisionSystem.rc">
      <Filter>资源文件</Filter>
    </ResourceCompile>
  </ItemGroup>
</Project>